
Microsoft Visual Studio Solution File, Format Version 12.00
# Visual Studio Version 17
VisualStudioVersion = 17.1.32421.90
MinimumVisualStudioVersion = 10.0.40219.1
Project("{FAE04EC0-301F-11D3-BF4B-00C04F79EFBC}") = "Mondas", "Mondas\Mondas.csproj", "{DF87BD2F-222D-481E-BEE3-D1D8C161A064}"
EndProject
Global
	GlobalSection(SolutionConfigurationPlatforms) = preSolution
		Debug|Any CPU = Debug|Any CPU
		Release|Any CPU = Release|Any CPU
	EndGlobalSection
	GlobalSection(ProjectConfigurationPlatforms) = postSolution
		{DF87BD2F-222D-481E-BEE3-D1D8C161A064}.Debug|Any CPU.ActiveCfg = Debug|Any CPU
		{DF87BD2F-222D-481E-BEE3-D1D8C161A064}.Debug|Any CPU.Build.0 = Debug|Any CPU
		{DF87BD2F-222D-481E-BEE3-D1D8C161A064}.Release|Any CPU.ActiveCfg = Release|Any CPU
		{DF87BD2F-222D-481E-BEE3-D1D8C161A064}.Release|Any CPU.Build.0 = Release|Any CPU
	EndGlobalSection
	GlobalSection(SolutionProperties) = preSolution
		HideSolutionNode = FALSE
	EndGlobalSection
	GlobalSection(ExtensibilityGlobals) = postSolution
		SolutionGuid = {AF1AE7EF-EBB9-475E-AF7F-F21C54C7FE93}
	EndGlobalSection
EndGlobal
